
Microsoft Visual Studio Solution File, Format Version 12.00
# Visual Studio Version 16
VisualStudioVersion = 16.0.34031.81
MinimumVisualStudioVersion = 10.0.40219.1
Project("{FAE04EC0-301F-11D3-BF4B-00C04F79EFBC}") = "WebApplication4", "WebApplication4\WebApplication4.csproj", "{B91E7FCD-DFF5-4EE4-B06E-732355477097}"
EndProject
Global
	GlobalSection(SolutionConfigurationPlatforms) = preSolution
		Debug|Any CPU = Debug|Any CPU
		Release|Any CPU = Release|Any CPU
	EndGlobalSection
	GlobalSection(ProjectConfigurationPlatforms) = postSolution
		{B91E7FCD-DFF5-4EE4-B06E-732355477097}.Debug|Any CPU.ActiveCfg = Debug|Any CPU
		{B91E7FCD-DFF5-4EE4-B06E-732355477097}.Debug|Any CPU.Build.0 = Debug|Any CPU
		{B91E7FCD-DFF5-4EE4-B06E-732355477097}.Release|Any CPU.ActiveCfg = Release|Any CPU
		{B91E7FCD-DFF5-4EE4-B06E-732355477097}.Release|Any CPU.Build.0 = Release|Any CPU
	EndGlobalSection
	GlobalSection(SolutionProperties) = preSolution
		HideSolutionNode = FALSE
	EndGlobalSection
	GlobalSection(ExtensibilityGlobals) = postSolution
		SolutionGuid = {267DAAD7-619D-4FA6-90D7-96FB4B1078A2}
	EndGlobalSection
EndGlobal
